
Microsoft Visual Studio Solution File, Format Version 12.00
# Visual Studio Version 17
VisualStudioVersion = 17.9.34728.123
MinimumVisualStudioVersion = 10.0.40219.1
Project("{FAE04EC0-301F-11D3-BF4B-00C04F79EFBC}") = "OrderProcessingDecoratorPattern", "OrderProcessingDecoratorPattern.csproj", "{5AF92E99-F2F4-41B8-A2AD-A1EA3464F830}"
EndProject
Global
	GlobalSection(SolutionConfigurationPlatforms) = preSolution
		Debug|Any CPU = Debug|Any CPU
		Release|Any CPU = Release|Any CPU
	EndGlobalSection
	GlobalSection(ProjectConfigurationPlatforms) = postSolution
		{5AF92E99-F2F4-41B8-A2AD-A1EA3464F830}.Debug|Any CPU.ActiveCfg = Debug|Any CPU
		{5AF92E99-F2F4-41B8-A2AD-A1EA3464F830}.Debug|Any CPU.Build.0 = Debug|Any CPU
		{5AF92E99-F2F4-41B8-A2AD-A1EA3464F830}.Release|Any CPU.ActiveCfg = Release|Any CPU
		{5AF92E99-F2F4-41B8-A2AD-A1EA3464F830}.Release|Any CPU.Build.0 = Release|Any CPU
	EndGlobalSection
	GlobalSection(SolutionProperties) = preSolution
		HideSolutionNode = FALSE
	EndGlobalSection
	GlobalSection(ExtensibilityGlobals) = postSolution
		SolutionGuid = {BB04D3EC-DB86-4A90-90FD-B21911A8829C}
	EndGlobalSection
EndGlobal
